[root]
name = "jba"
version = "0.1.0"
dependencies = [
 "gl 0.0.1 (git+https://github.com/bjz/gl-rs#9bdee3839e809a1f7ccbee158a38a704965528b3)",
 "glfw 0.0.1 (git+https://github.com/bjz/glfw-rs#84b7ec32b4acead41f0bfde224604a2cf5a21d8a)",
]

[[package]]
name = "gl"
version = "0.0.1"
source = "git+https://github.com/bjz/gl-rs#9bdee3839e809a1f7ccbee158a38a704965528b3"
dependencies = [
 "gl_generator 0.0.1 (git+https://github.com/bjz/gl-rs#9bdee3839e809a1f7ccbee158a38a704965528b3)",
]

[[package]]
name = "gl_generator"
version = "0.0.1"
source = "git+https://github.com/bjz/gl-rs#9bdee3839e809a1f7ccbee158a38a704965528b3"
dependencies = [
 "khronos_api 0.0.1 (git+https://github.com/bjz/gl-rs#9bdee3839e809a1f7ccbee158a38a704965528b3)",
 "rust-xml 0.1.0 (git+https://github.com/bjz/rust-xml#250ead29ed43d5743149e17d157f14d47860c0c8)",
]

[[package]]
name = "glfw"
version = "0.0.1"
source = "git+https://github.com/bjz/glfw-rs#84b7ec32b4acead41f0bfde224604a2cf5a21d8a"
dependencies = [
 "glfw-sys 3.0.4 (git+https://github.com/servo/glfw?ref=cargo-3.0.4#65a2b4721276589d9de24f6a9999a2db37286cae)",
 "semver 0.1.0 (git+https://github.com/rust-lang/semver#5dee918159d4e3d84c1ee54cf6a5305e6f7bd557)",
]

[[package]]
name = "glfw-sys"
version = "3.0.4"
source = "git+https://github.com/servo/glfw?ref=cargo-3.0.4#65a2b4721276589d9de24f6a9999a2db37286cae"

[[package]]
name = "khronos_api"
version = "0.0.1"
source = "git+https://github.com/bjz/gl-rs#9bdee3839e809a1f7ccbee158a38a704965528b3"

[[package]]
name = "rust-xml"
version = "0.1.0"
source = "git+https://github.com/bjz/rust-xml#250ead29ed43d5743149e17d157f14d47860c0c8"

[[package]]
name = "semver"
version = "0.1.0"
source = "git+https://github.com/rust-lang/semver#5dee918159d4e3d84c1ee54cf6a5305e6f7bd557"

